
Microsoft Visual Studio Solution File, Format Version 12.00
# Visual Studio 15
VisualStudioVersion = 15.0.26430.16
MinimumVisualStudioVersion = 10.0.40219.1
Project("{FAE04EC0-301F-11D3-BF4B-00C04F79EFBC}") = "REST.Client.Windows", "REST.Client.Windows\REST.Client.Windows.csproj", "{E9028C29-B899-4CF1-A506-25B18FC3FBEA}"
EndProject
Project("{2150E333-8FDC-42A3-9474-1A3956D46DE8}") = "Client", "Client", "{5E0780B9-5060-4ED1-884D-1ECAFC4CCF83}"
EndProject
Project("{2150E333-8FDC-42A3-9474-1A3956D46DE8}") = "Shared", "Shared", "{3874BB6F-190D-4868-A47B-4212AFDD770A}"
EndProject
Project("{FAE04EC0-301F-11D3-BF4B-00C04F79EFBC}") = "REST.Shared.Controller", "REST.Shared.Controller\REST.Shared.Controller.csproj", "{8C72B4B8-30F1-41BB-AC48-01B040597014}"
EndProject
Project("{FAE04EC0-301F-11D3-BF4B-00C04F79EFBC}") = "REST.Shared.Controller.Contracts", "REST.Shared.Controller.Contracts\REST.Shared.Controller.Contracts.csproj", "{7BA05A60-1D05-4453-8EF6-763D715E0830}"
EndProject
Project("{FAE04EC0-301F-11D3-BF4B-00C04F79EFBC}") = "REST.Shared.Models", "REST.Shared.Models\REST.Shared.Models.csproj", "{CC6CEBED-7A24-4084-B987-3C21A273EC1D}"
EndProject
Project("{FAE04EC0-301F-11D3-BF4B-00C04F79EFBC}") = "REST.Shared.Models.Contracts", "REST.Shared.Models.Contracts\REST.Shared.Models.Contracts.csproj", "{EACD829D-8D07-4ED5-A04E-E9FAB2EC6916}"
EndProject
Project("{FAE04EC0-301F-11D3-BF4B-00C04F79EFBC}") = "REST.Shared.Handler", "REST.Shared.Handler\REST.Shared.Handler.csproj", "{2EF693C9-3E07-4C66-B960-048F61E78BCB}"
EndProject
Project("{FAE04EC0-301F-11D3-BF4B-00C04F79EFBC}") = "REST.Shared.Handler.Contracts", "REST.Shared.Handler.Contracts\REST.Shared.Handler.Contracts.csproj", "{799E62E9-CAA7-4A55-9431-1ECB4CE278D9}"
EndProject
Project("{FAE04EC0-301F-11D3-BF4B-00C04F79EFBC}") = "REST.Shared.Utilities", "REST.Shared.Utilities\REST.Shared.Utilities.csproj", "{6DA12D28-4D3C-43DD-9420-6786F28716BD}"
EndProject
Project("{FAE04EC0-301F-11D3-BF4B-00C04F79EFBC}") = "REST.Shared.Utilities.Contracts", "REST.Shared.Utilities.Contracts\REST.Shared.Utilities.Contracts.csproj", "{AC5F6DAE-228B-449F-8017-F2849936C073}"
EndProject
Project("{FAE04EC0-301F-11D3-BF4B-00C04F79EFBC}") = "REST.Shared.Listener", "REST.Shared.Listener\REST.Shared.Listener.csproj", "{BC0BDDEF-D87C-47F1-95B2-6730DB93D27D}"
EndProject
Project("{FAE04EC0-301F-11D3-BF4B-00C04F79EFBC}") = "REST.Shared.Listener.Contracts", "REST.Shared.Listener.Contracts\REST.Shared.Listener.Contracts.csproj", "{441CEE12-E83E-4365-9C7A-7F99CC5581F3}"
EndProject
Global
	GlobalSection(SolutionConfigurationPlatforms) = preSolution
		Debug|Any CPU = Debug|Any CPU
		Release|Any CPU = Release|Any CPU
	EndGlobalSection
	GlobalSection(ProjectConfigurationPlatforms) = postSolution
		{E9028C29-B899-4CF1-A506-25B18FC3FBEA}.Debug|Any CPU.ActiveCfg = Debug|Any CPU
		{E9028C29-B899-4CF1-A506-25B18FC3FBEA}.Debug|Any CPU.Build.0 = Debug|Any CPU
		{E9028C29-B899-4CF1-A506-25B18FC3FBEA}.Release|Any CPU.ActiveCfg = Release|Any CPU
		{E9028C29-B899-4CF1-A506-25B18FC3FBEA}.Release|Any CPU.Build.0 = Release|Any CPU
		{8C72B4B8-30F1-41BB-AC48-01B040597014}.Debug|Any CPU.ActiveCfg = Debug|Any CPU
		{8C72B4B8-30F1-41BB-AC48-01B040597014}.Debug|Any CPU.Build.0 = Debug|Any CPU
		{8C72B4B8-30F1-41BB-AC48-01B040597014}.Release|Any CPU.ActiveCfg = Release|Any CPU
		{8C72B4B8-30F1-41BB-AC48-01B040597014}.Release|Any CPU.Build.0 = Release|Any CPU
		{7BA05A60-1D05-4453-8EF6-763D715E0830}.Debug|Any CPU.ActiveCfg = Debug|Any CPU
		{7BA05A60-1D05-4453-8EF6-763D715E0830}.Debug|Any CPU.Build.0 = Debug|Any CPU
		{7BA05A60-1D05-4453-8EF6-763D715E0830}.Release|Any CPU.ActiveCfg = Release|Any CPU
		{7BA05A60-1D05-4453-8EF6-763D715E0830}.Release|Any CPU.Build.0 = Release|Any CPU
		{CC6CEBED-7A24-4084-B987-3C21A273EC1D}.Debug|Any CPU.ActiveCfg = Debug|Any CPU
		{CC6CEBED-7A24-4084-B987-3C21A273EC1D}.Debug|Any CPU.Build.0 = Debug|Any CPU
		{CC6CEBED-7A24-4084-B987-3C21A273EC1D}.Release|Any CPU.ActiveCfg = Release|Any CPU
		{CC6CEBED-7A24-4084-B987-3C21A273EC1D}.Release|Any CPU.Build.0 = Release|Any CPU
		{EACD829D-8D07-4ED5-A04E-E9FAB2EC6916}.Debug|Any CPU.ActiveCfg = Debug|Any CPU
		{EACD829D-8D07-4ED5-A04E-E9FAB2EC6916}.Debug|Any CPU.Build.0 = Debug|Any CPU
		{EACD829D-8D07-4ED5-A04E-E9FAB2EC6916}.Release|Any CPU.ActiveCfg = Release|Any CPU
		{EACD829D-8D07-4ED5-A04E-E9FAB2EC6916}.Release|Any CPU.Build.0 = Release|Any CPU
		{2EF693C9-3E07-4C66-B960-048F61E78BCB}.Debug|Any CPU.ActiveCfg = Debug|Any CPU
		{2EF693C9-3E07-4C66-B960-048F61E78BCB}.Debug|Any CPU.Build.0 = Debug|Any CPU
		{2EF693C9-3E07-4C66-B960-048F61E78BCB}.Release|Any CPU.ActiveCfg = Release|Any CPU
		{2EF693C9-3E07-4C66-B960-048F61E78BCB}.Release|Any CPU.Build.0 = Release|Any CPU
		{799E62E9-CAA7-4A55-9431-1ECB4CE278D9}.Debug|Any CPU.ActiveCfg = Debug|Any CPU
		{799E62E9-CAA7-4A55-9431-1ECB4CE278D9}.Debug|Any CPU.Build.0 = Debug|Any CPU
		{799E62E9-CAA7-4A55-9431-1ECB4CE278D9}.Release|Any CPU.ActiveCfg = Release|Any CPU
		{799E62E9-CAA7-4A55-9431-1ECB4CE278D9}.Release|Any CPU.Build.0 = Release|Any CPU
		{6DA12D28-4D3C-43DD-9420-6786F28716BD}.Debug|Any CPU.ActiveCfg = Debug|Any CPU
		{6DA12D28-4D3C-43DD-9420-6786F28716BD}.Debug|Any CPU.Build.0 = Debug|Any CPU
		{6DA12D28-4D3C-43DD-9420-6786F28716BD}.Release|Any CPU.ActiveCfg = Release|Any CPU
		{6DA12D28-4D3C-43DD-9420-6786F28716BD}.Release|Any CPU.Build.0 = Release|Any CPU
		{AC5F6DAE-228B-449F-8017-F2849936C073}.Debug|Any CPU.ActiveCfg = Debug|Any CPU
		{AC5F6DAE-228B-449F-8017-F2849936C073}.Debug|Any CPU.Build.0 = Debug|Any CPU
		{AC5F6DAE-228B-449F-8017-F2849936C073}.Release|Any CPU.ActiveCfg = Release|Any CPU
		{AC5F6DAE-228B-449F-8017-F2849936C073}.Release|Any CPU.Build.0 = Release|Any CPU
		{BC0BDDEF-D87C-47F1-95B2-6730DB93D27D}.Debug|Any CPU.ActiveCfg = Debug|Any CPU
		{BC0BDDEF-D87C-47F1-95B2-6730DB93D27D}.Debug|Any CPU.Build.0 = Debug|Any CPU
		{BC0BDDEF-D87C-47F1-95B2-6730DB93D27D}.Release|Any CPU.ActiveCfg = Release|Any CPU
		{BC0BDDEF-D87C-47F1-95B2-6730DB93D27D}.Release|Any CPU.Build.0 = Release|Any CPU
		{441CEE12-E83E-4365-9C7A-7F99CC5581F3}.Debug|Any CPU.ActiveCfg = Debug|Any CPU
		{441CEE12-E83E-4365-9C7A-7F99CC5581F3}.Debug|Any CPU.Build.0 = Debug|Any CPU
		{441CEE12-E83E-4365-9C7A-7F99CC5581F3}.Release|Any CPU.ActiveCfg = Release|Any CPU
		{441CEE12-E83E-4365-9C7A-7F99CC5581F3}.Release|Any CPU.Build.0 = Release|Any CPU
	EndGlobalSection
	GlobalSection(SolutionProperties) = preSolution
		HideSolutionNode = FALSE
	EndGlobalSection
	GlobalSection(NestedProjects) = preSolution
		{E9028C29-B899-4CF1-A506-25B18FC3FBEA} = {5E0780B9-5060-4ED1-884D-1ECAFC4CCF83}
		{8C72B4B8-30F1-41BB-AC48-01B040597014} = {3874BB6F-190D-4868-A47B-4212AFDD770A}
		{7BA05A60-1D05-4453-8EF6-763D715E0830} = {3874BB6F-190D-4868-A47B-4212AFDD770A}
		{CC6CEBED-7A24-4084-B987-3C21A273EC1D} = {3874BB6F-190D-4868-A47B-4212AFDD770A}
		{EACD829D-8D07-4ED5-A04E-E9FAB2EC6916} = {3874BB6F-190D-4868-A47B-4212AFDD770A}
		{2EF693C9-3E07-4C66-B960-048F61E78BCB} = {3874BB6F-190D-4868-A47B-4212AFDD770A}
		{799E62E9-CAA7-4A55-9431-1ECB4CE278D9} = {3874BB6F-190D-4868-A47B-4212AFDD770A}
		{6DA12D28-4D3C-43DD-9420-6786F28716BD} = {3874BB6F-190D-4868-A47B-4212AFDD770A}
		{AC5F6DAE-228B-449F-8017-F2849936C073} = {3874BB6F-190D-4868-A47B-4212AFDD770A}
		{BC0BDDEF-D87C-47F1-95B2-6730DB93D27D} = {3874BB6F-190D-4868-A47B-4212AFDD770A}
		{441CEE12-E83E-4365-9C7A-7F99CC5581F3} = {3874BB6F-190D-4868-A47B-4212AFDD770A}
	EndGlobalSection
EndGlobal
